Microsoft Visual Studio Solution File, Format Version 11.00
# Visual Studio 2010
Project("{8BC9CEB8-8B4A-11D0-8D11-00A0C91BC942}") = "hapi", "hapiPlugin.vcxproj", "{ACCAB49C-4B86-B220-1A63-F0FB65AEC639}"
EndProject
Global
	GlobalSection(SolutionConfigurationPlatforms) = preSolution
		Debug|Win32 = Debug|Win32
		Debug|x64 = Debug|x64
		Release|Win32 = Release|Win32
		Release|x64 = Release|x64
		ReleaseDebug|Win32 = ReleaseDebug|Win32
		ReleaseDebug|x64 = ReleaseDebug|x64
	EndGlobalSection
	GlobalSection(ProjectConfigurationPlatforms) = postSolution
		{ACCAB49C-4B86-B220-1A63-F0FB65AEC639}.Debug|Win32.ActiveCfg = Debug|Win32
		{ACCAB49C-4B86-B220-1A63-F0FB65AEC639}.Debug|Win32.Build.0 = Debug|Win32
		{ACCAB49C-4B86-B220-1A63-F0FB65AEC639}.Debug|x64.ActiveCfg = Debug|x64
		{ACCAB49C-4B86-B220-1A63-F0FB65AEC639}.Debug|x64.Build.0 = Debug|x64
		{ACCAB49C-4B86-B220-1A63-F0FB65AEC639}.Release|Win32.ActiveCfg = Release|Win32
		{ACCAB49C-4B86-B220-1A63-F0FB65AEC639}.Release|Win32.Build.0 = Release|Win32
		{ACCAB49C-4B86-B220-1A63-F0FB65AEC639}.Release|x64.ActiveCfg = Release|x64
		{ACCAB49C-4B86-B220-1A63-F0FB65AEC639}.Release|x64.Build.0 = Release|x64
		{ACCAB49C-4B86-B220-1A63-F0FB65AEC639}.ReleaseDebug|Win32.ActiveCfg = ReleaseDebug|Win32
		{ACCAB49C-4B86-B220-1A63-F0FB65AEC639}.ReleaseDebug|Win32.Build.0 = ReleaseDebug|Win32
		{ACCAB49C-4B86-B220-1A63-F0FB65AEC639}.ReleaseDebug|x64.ActiveCfg = ReleaseDebug|x64
		{ACCAB49C-4B86-B220-1A63-F0FB65AEC639}.ReleaseDebug|x64.Build.0 = ReleaseDebug|x64
	EndGlobalSection
	GlobalSection(SolutionProperties) = preSolution
		HideSolutionNode = FALSE
	EndGlobalSection
EndGlobal
